
Microsoft Visual Studio Solution File, Format Version 12.00
Project("{FAE04EC0-301F-11D3-BF4B-00C04F79EFBC}") = "TypeScriptHubGenerator", "TypeScriptHubGenerator\TypeScriptHubGenerator.csproj", "{6FB1EFBA-5C9F-4660-B17D-FC76C95055A7}"
EndProject
Project("{FAE04EC0-301F-11D3-BF4B-00C04F79EFBC}") = "TypeScriptHubGeneratorTests", "TypeScriptHubGeneratorTests\TypeScriptHubGeneratorTests.csproj", "{B7263999-35A0-41F2-A9E3-BE66187A03C4}"
EndProject
Global
	GlobalSection(SolutionConfigurationPlatforms) = preSolution
		Debug|Any CPU = Debug|Any CPU
		Release|Any CPU = Release|Any CPU
	EndGlobalSection
	GlobalSection(ProjectConfigurationPlatforms) = postSolution
		{6FB1EFBA-5C9F-4660-B17D-FC76C95055A7}.Debug|Any CPU.ActiveCfg = Debug|Any CPU
		{6FB1EFBA-5C9F-4660-B17D-FC76C95055A7}.Debug|Any CPU.Build.0 = Debug|Any CPU
		{6FB1EFBA-5C9F-4660-B17D-FC76C95055A7}.Release|Any CPU.ActiveCfg = Release|Any CPU
		{6FB1EFBA-5C9F-4660-B17D-FC76C95055A7}.Release|Any CPU.Build.0 = Release|Any CPU
		{B7263999-35A0-41F2-A9E3-BE66187A03C4}.Debug|Any CPU.ActiveCfg = Debug|Any CPU
		{B7263999-35A0-41F2-A9E3-BE66187A03C4}.Debug|Any CPU.Build.0 = Debug|Any CPU
		{B7263999-35A0-41F2-A9E3-BE66187A03C4}.Release|Any CPU.ActiveCfg = Release|Any CPU
		{B7263999-35A0-41F2-A9E3-BE66187A03C4}.Release|Any CPU.Build.0 = Release|Any CPU
	EndGlobalSection
EndGlobal
